
Microsoft Visual Studio Solution File, Format Version 12.00
# Visual Studio Version 17
VisualStudioVersion = 17.11.35222.181
MinimumVisualStudioVersion = 10.0.40219.1
Project("{8BC9CEB8-8B4A-11D0-8D11-00A0C91BC942}") = "D3DEngine", "D3DEngine\D3DEngine.vcxproj", "{8E3024DF-C97E-4BEB-845A-F0073586FE92}"
EndProject
Project("{FAE04EC0-301F-11D3-BF4B-00C04F79EFBC}") = "D3DengineEditor", "D3DengineEditor\D3DengineEditor.csproj", "{89EE2130-DA00-4DE2-998B-1F22CCB299B4}"
EndProject
Global
	GlobalSection(SolutionConfigurationPlatforms) = preSolution
		Debug|Any CPU = Debug|Any CPU
		Debug|x64 = Debug|x64
		Release|Any CPU = Release|Any CPU
		Release|x64 = Release|x64
	EndGlobalSection
	GlobalSection(ProjectConfigurationPlatforms) = postSolution
		{8E3024DF-C97E-4BEB-845A-F0073586FE92}.Debug|Any CPU.ActiveCfg = Debug|x64
		{8E3024DF-C97E-4BEB-845A-F0073586FE92}.Debug|Any CPU.Build.0 = Debug|x64
		{8E3024DF-C97E-4BEB-845A-F0073586FE92}.Debug|x64.ActiveCfg = Debug|x64
		{8E3024DF-C97E-4BEB-845A-F0073586FE92}.Debug|x64.Build.0 = Debug|x64
		{8E3024DF-C97E-4BEB-845A-F0073586FE92}.Release|Any CPU.ActiveCfg = Release|x64
		{8E3024DF-C97E-4BEB-845A-F0073586FE92}.Release|Any CPU.Build.0 = Release|x64
		{8E3024DF-C97E-4BEB-845A-F0073586FE92}.Release|x64.ActiveCfg = Release|x64
		{8E3024DF-C97E-4BEB-845A-F0073586FE92}.Release|x64.Build.0 = Release|x64
		{89EE2130-DA00-4DE2-998B-1F22CCB299B4}.Debug|Any CPU.ActiveCfg = Debug|Any CPU
		{89EE2130-DA00-4DE2-998B-1F22CCB299B4}.Debug|Any CPU.Build.0 = Debug|Any CPU
		{89EE2130-DA00-4DE2-998B-1F22CCB299B4}.Debug|x64.ActiveCfg = Debug|Any CPU
		{89EE2130-DA00-4DE2-998B-1F22CCB299B4}.Debug|x64.Build.0 = Debug|Any CPU
		{89EE2130-DA00-4DE2-998B-1F22CCB299B4}.Release|Any CPU.ActiveCfg = Release|Any CPU
		{89EE2130-DA00-4DE2-998B-1F22CCB299B4}.Release|Any CPU.Build.0 = Release|Any CPU
		{89EE2130-DA00-4DE2-998B-1F22CCB299B4}.Release|x64.ActiveCfg = Release|Any CPU
		{89EE2130-DA00-4DE2-998B-1F22CCB299B4}.Release|x64.Build.0 = Release|Any CPU
	EndGlobalSection
	GlobalSection(SolutionProperties) = preSolution
		HideSolutionNode = FALSE
	EndGlobalSection
	GlobalSection(ExtensibilityGlobals) = postSolution
		SolutionGuid = {B9BFBC25-1819-4BD8-85EA-D4C6C0D5A768}
	EndGlobalSection
EndGlobal
