
Microsoft Visual Studio Solution File, Format Version 12.00
# Visual Studio Version 17
VisualStudioVersion = 17.11.35222.181
MinimumVisualStudioVersion = 10.0.40219.1
Project("{8BC9CEB8-8B4A-11D0-8D11-00A0C91BC942}") = "D3DEngine", "D3DEngine\D3DEngine.vcxproj", "{8E3024DF-C97E-4BEB-845A-F0073586FE92}"
EndProject
Project("{9A19103F-16F7-4668-BE54-9A1E7A4F7556}") = "D3DengineEditor", "D3DengineEditor\D3DengineEditor.csproj", "{89EE2130-DA00-4DE2-998B-1F22CCB299B4}"
EndProject
Project("{8BC9CEB8-8B4A-11D0-8D11-00A0C91BC942}") = "EngineTest", "EngineTest\EngineTest.vcxproj", "{F1E9FDDA-A20E-4787-A358-CB29E86F38E4}"
EndProject
Project("{8BC9CEB8-8B4A-11D0-8D11-00A0C91BC942}") = "EngineDLL", "EngineDLL\EngineDLL.vcxproj", "{B0360962-B3DE-4374-BB5E-981A528678F7}"
EndProject
Global
	GlobalSection(SolutionConfigurationPlatforms) = preSolution
		Debug|x64 = Debug|x64
		DebugEditor|x64 = DebugEditor|x64
		Release|x64 = Release|x64
		ReleaseEditor|x64 = ReleaseEditor|x64
	EndGlobalSection
	GlobalSection(ProjectConfigurationPlatforms) = postSolution
		{8E3024DF-C97E-4BEB-845A-F0073586FE92}.Debug|x64.ActiveCfg = Debug|x64
		{8E3024DF-C97E-4BEB-845A-F0073586FE92}.Debug|x64.Build.0 = Debug|x64
		{8E3024DF-C97E-4BEB-845A-F0073586FE92}.DebugEditor|x64.ActiveCfg = DebugEditor|x64
		{8E3024DF-C97E-4BEB-845A-F0073586FE92}.DebugEditor|x64.Build.0 = DebugEditor|x64
		{8E3024DF-C97E-4BEB-845A-F0073586FE92}.Release|x64.ActiveCfg = Release|x64
		{8E3024DF-C97E-4BEB-845A-F0073586FE92}.Release|x64.Build.0 = Release|x64
		{8E3024DF-C97E-4BEB-845A-F0073586FE92}.ReleaseEditor|x64.ActiveCfg = ReleaseEditor|x64
		{8E3024DF-C97E-4BEB-845A-F0073586FE92}.ReleaseEditor|x64.Build.0 = ReleaseEditor|x64
		{89EE2130-DA00-4DE2-998B-1F22CCB299B4}.Debug|x64.ActiveCfg = Debug|x64
		{89EE2130-DA00-4DE2-998B-1F22CCB299B4}.DebugEditor|x64.ActiveCfg = DebugEditor|x64
		{89EE2130-DA00-4DE2-998B-1F22CCB299B4}.Release|x64.ActiveCfg = Release|x64
		{89EE2130-DA00-4DE2-998B-1F22CCB299B4}.Release|x64.Build.0 = Release|x64
		{89EE2130-DA00-4DE2-998B-1F22CCB299B4}.ReleaseEditor|x64.ActiveCfg = ReleaseEditor|x64
		{89EE2130-DA00-4DE2-998B-1F22CCB299B4}.ReleaseEditor|x64.Build.0 = ReleaseEditor|x64
		{F1E9FDDA-A20E-4787-A358-CB29E86F38E4}.Debug|x64.ActiveCfg = Debug|x64
		{F1E9FDDA-A20E-4787-A358-CB29E86F38E4}.Debug|x64.Build.0 = Debug|x64
		{F1E9FDDA-A20E-4787-A358-CB29E86F38E4}.DebugEditor|x64.ActiveCfg = DebugEditor|x64
		{F1E9FDDA-A20E-4787-A358-CB29E86F38E4}.DebugEditor|x64.Build.0 = DebugEditor|x64
		{F1E9FDDA-A20E-4787-A358-CB29E86F38E4}.Release|x64.ActiveCfg = Release|x64
		{F1E9FDDA-A20E-4787-A358-CB29E86F38E4}.Release|x64.Build.0 = Release|x64
		{F1E9FDDA-A20E-4787-A358-CB29E86F38E4}.ReleaseEditor|x64.ActiveCfg = ReleaseEditor|x64
		{F1E9FDDA-A20E-4787-A358-CB29E86F38E4}.ReleaseEditor|x64.Build.0 = ReleaseEditor|x64
		{B0360962-B3DE-4374-BB5E-981A528678F7}.Debug|x64.ActiveCfg = Debug|x64
		{B0360962-B3DE-4374-BB5E-981A528678F7}.Debug|x64.Build.0 = Debug|x64
		{B0360962-B3DE-4374-BB5E-981A528678F7}.DebugEditor|x64.ActiveCfg = DebugEditor|x64
		{B0360962-B3DE-4374-BB5E-981A528678F7}.DebugEditor|x64.Build.0 = DebugEditor|x64
		{B0360962-B3DE-4374-BB5E-981A528678F7}.Release|x64.ActiveCfg = Release|x64
		{B0360962-B3DE-4374-BB5E-981A528678F7}.Release|x64.Build.0 = Release|x64
		{B0360962-B3DE-4374-BB5E-981A528678F7}.ReleaseEditor|x64.ActiveCfg = ReleaseEditor|x64
		{B0360962-B3DE-4374-BB5E-981A528678F7}.ReleaseEditor|x64.Build.0 = ReleaseEditor|x64
	EndGlobalSection
	GlobalSection(SolutionProperties) = preSolution
		HideSolutionNode = FALSE
	EndGlobalSection
	GlobalSection(ExtensibilityGlobals) = postSolution
		SolutionGuid = {B9BFBC25-1819-4BD8-85EA-D4C6C0D5A768}
	EndGlobalSection
EndGlobal
